
Microsoft Visual Studio Solution File, Format Version 10.00
# Visual Studio 2008
Project("{8BC9CEB8-8B4A-11D0-8D11-00A0C91BC942}") = "own", "own\own.vcproj", "{32A083BF-F59E-46C6-BC73-BD055EBA1BA2}"
EndProject
Project("{2150E333-8FDC-42A3-9474-1A3956D46DE8}") = "Solution Items", "Solution Items", "{1CA39B0C-C87F-4463-ACC1-05628AF5C2CF}"
EndProject
Project("{8BC9CEB8-8B4A-11D0-8D11-00A0C91BC942}") = "Cryptoprovider", "CryptoProvider\Cryptoprovider.vcproj", "{8169B5AC-BF92-4A33-919E-8BE2F697DAE3}"
EndProject
Project("{8BC9CEB8-8B4A-11D0-8D11-00A0C91BC942}") = "csptest", "CryptoAPITest\testcsp.vcproj", "{4994877A-9810-4BDA-80BC-C8CDE1004867}"
EndProject
Global
	GlobalSection(SolutionConfigurationPlatforms) = preSolution
		Debug|Win32 = Debug|Win32
		Release|Win32 = Release|Win32
	EndGlobalSection
	GlobalSection(ProjectConfigurationPlatforms) = postSolution
		{32A083BF-F59E-46C6-BC73-BD055EBA1BA2}.Debug|Win32.ActiveCfg = Debug|Win32
		{32A083BF-F59E-46C6-BC73-BD055EBA1BA2}.Debug|Win32.Build.0 = Debug|Win32
		{32A083BF-F59E-46C6-BC73-BD055EBA1BA2}.Release|Win32.ActiveCfg = Release|Win32
		{32A083BF-F59E-46C6-BC73-BD055EBA1BA2}.Release|Win32.Build.0 = Release|Win32
		{8169B5AC-BF92-4A33-919E-8BE2F697DAE3}.Debug|Win32.ActiveCfg = Debug|Win32
		{8169B5AC-BF92-4A33-919E-8BE2F697DAE3}.Debug|Win32.Build.0 = Debug|Win32
		{8169B5AC-BF92-4A33-919E-8BE2F697DAE3}.Release|Win32.ActiveCfg = Release|Win32
		{8169B5AC-BF92-4A33-919E-8BE2F697DAE3}.Release|Win32.Build.0 = Release|Win32
		{4994877A-9810-4BDA-80BC-C8CDE1004867}.Debug|Win32.ActiveCfg = Debug|Win32
		{4994877A-9810-4BDA-80BC-C8CDE1004867}.Debug|Win32.Build.0 = Debug|Win32
		{4994877A-9810-4BDA-80BC-C8CDE1004867}.Release|Win32.ActiveCfg = Release|Win32
		{4994877A-9810-4BDA-80BC-C8CDE1004867}.Release|Win32.Build.0 = Release|Win32
	EndGlobalSection
	GlobalSection(SolutionProperties) = preSolution
		HideSolutionNode = FALSE
	EndGlobalSection
	GlobalSection(ExtensibilityGlobals) = postSolution
		VisualSVNWorkingCopyRoot = .
	EndGlobalSection
EndGlobal
